// !$*UTF8*$!
{
	archiveVersion = 1;
	classes = {
	};
	objectVersion = 55;
	objects = {

/* Begin PBXBuildFile section */
		29023BC928BC8D980042C502 /* TutorialView.swift in Sources */ = {isa = PBXBuildFile; fileRef = 29023BC828BC8D980042C502 /* TutorialView.swift */; };
		29070ABD28BCC66A00F80F12 /* Defeat.mp3 in Resources */ = {isa = PBXBuildFile; fileRef = 29070ABB28BCC66A00F80F12 /* Defeat.mp3 */; };
		29070ABE28BCC66A00F80F12 /* Victory.mp3 in Resources */ = {isa = PBXBuildFile; fileRef = 29070ABC28BCC66A00F80F12 /* Victory.mp3 */; };
		29070AC028BCCAA500F80F12 /* gold1.wav in Resources */ = {isa = PBXBuildFile; fileRef = 29070ABF28BCCAA500F80F12 /* gold1.wav */; };
		29070AC528BCCB6A00F80F12 /* gold2.wav in Resources */ = {isa = PBXBuildFile; fileRef = 29070AC128BCCB6900F80F12 /* gold2.wav */; };
		29070AC628BCCB6A00F80F12 /* gold3.wav in Resources */ = {isa = PBXBuildFile; fileRef = 29070AC228BCCB6900F80F12 /* gold3.wav */; };
		29070AC728BCCB6A00F80F12 /* gold4.wav in Resources */ = {isa = PBXBuildFile; fileRef = 29070AC328BCCB6900F80F12 /* gold4.wav */; };
		29070AC828BCCB6A00F80F12 /* gold5.wav in Resources */ = {isa = PBXBuildFile; fileRef = 29070AC428BCCB6A00F80F12 /* gold5.wav */; };
		29070ACB28BCCC3400F80F12 /* danger.wav in Resources */ = {isa = PBXBuildFile; fileRef = 29070AC928BCCC3300F80F12 /* danger.wav */; };
		29070ACC28BCCC3400F80F12 /* getback.wav in Resources */ = {isa = PBXBuildFile; fileRef = 29070ACA28BCCC3400F80F12 /* getback.wav */; };
		29070ACE28BCCCB800F80F12 /* buy.wav in Resources */ = {isa = PBXBuildFile; fileRef = 29070ACD28BCCCB800F80F12 /* buy.wav */; };
		29070AD628BCD28700F80F12 /* gamestart.mp3 in Resources */ = {isa = PBXBuildFile; fileRef = 29070AD528BCD28700F80F12 /* gamestart.mp3 */; };
		29070AD828BCD3DA00F80F12 /* Rampage.mp3 in Resources */ = {isa = PBXBuildFile; fileRef = 29070AD728BCD3DA00F80F12 /* Rampage.mp3 */; };
		29070ADD28BCD3EA00F80F12 /* Dominating.mp3 in Resources */ = {isa = PBXBuildFile; fileRef = 29070AD928BCD3E900F80F12 /* Dominating.mp3 */; };
		29070ADE28BCD3EA00F80F12 /* Legendary1_1.mp3 in Resources */ = {isa = PBXBuildFile; fileRef = 29070ADA28BCD3E900F80F12 /* Legendary1_1.mp3 */; };
		29070ADF28BCD3EA00F80F12 /* Godlike_1.mp3 in Resources */ = {isa = PBXBuildFile; fileRef = 29070ADB28BCD3EA00F80F12 /* Godlike_1.mp3 */; };
		29070AE028BCD3EA00F80F12 /* Killing Spree.mp3 in Resources */ = {isa = PBXBuildFile; fileRef = 29070ADC28BCD3EA00F80F12 /* Killing Spree.mp3 */; };
		29070AE628BCD8CA00F80F12 /* newhighscore.wav in Resources */ = {isa = PBXBuildFile; fileRef = 29070AE528BCD8CA00F80F12 /* newhighscore.wav */; };
		29639EF728BBAD0900FDE2C0 /* LoopingHomescreenVideoPlayerView.swift in Sources */ = {isa = PBXBuildFile; fileRef = 29639EF628BBAD0900FDE2C0 /* LoopingHomescreenVideoPlayerView.swift */; };
		29639EFC28BBEE4400FDE2C0 /* homescreen-background.mp4 in Resources */ = {isa = PBXBuildFile; fileRef = 29639EFB28BBEE4400FDE2C0 /* homescreen-background.mp4 */; };
		29639EFE28BC030600FDE2C0 /* ModalView.swift in Sources */ = {isa = PBXBuildFile; fileRef = 29639EFD28BC030600FDE2C0 /* ModalView.swift */; };
		29639F0028BC7DEB00FDE2C0 /* splash-intro.mp4 in Resources */ = {isa = PBXBuildFile; fileRef = 29639EFF28BC7DEB00FDE2C0 /* splash-intro.mp4 */; };
		296432EE28BA3007009066BC /* SplashScreenView.swift in Sources */ = {isa = PBXBuildFile; fileRef = 296432ED28BA3007009066BC /* SplashScreenView.swift */; };
		29E7822428B6E096003CB537 /* LeagueOfLegends_SkinshipApp.swift in Sources */ = {isa = PBXBuildFile; fileRef = 29E7822328B6E096003CB537 /* LeagueOfLegends_SkinshipApp.swift */; };
		29E7822828B6E099003CB537 /* Assets.xcassets in Resources */ = {isa = PBXBuildFile; fileRef = 29E7822728B6E099003CB537 /* Assets.xcassets */; };
		29E7822B28B6E099003CB537 /* Preview Assets.xcassets in Resources */ = {isa = PBXBuildFile; fileRef = 29E7822A28B6E099003CB537 /* Preview Assets.xcassets */; };
		29E7823528B6E099003CB537 /* LeagueOfLegends_SkinshipTests.swift in Sources */ = {isa = PBXBuildFile; fileRef = 29E7823428B6E099003CB537 /* LeagueOfLegends_SkinshipTests.swift */; };
		29E7823F28B6E099003CB537 /* LeagueOfLegends_SkinshipUITests.swift in Sources */ = {isa = PBXBuildFile; fileRef = 29E7823E28B6E099003CB537 /* LeagueOfLegends_SkinshipUITests.swift */; };
		29E7824128B6E099003CB537 /* LeagueOfLegends_SkinshipUITestsLaunchTests.swift in Sources */ = {isa = PBXBuildFile; fileRef = 29E7824028B6E099003CB537 /* LeagueOfLegends_SkinshipUITestsLaunchTests.swift */; };
		29E7825328B6E519003CB537 /* Modifiers.swift in Sources */ = {isa = PBXBuildFile; fileRef = 29E7825228B6E519003CB537 /* Modifiers.swift */; };
		29E7825728B6E7C8003CB537 /* AnswerImageWrapper.swift in Sources */ = {isa = PBXBuildFile; fileRef = 29E7825628B6E7C8003CB537 /* AnswerImageWrapper.swift */; };
		29E7827528B786BC003CB537 /* mia.wav in Resources */ = {isa = PBXBuildFile; fileRef = 29E7827428B786BC003CB537 /* mia.wav */; };
		29E7827728B78700003CB537 /* AudioPlayer.swift in Sources */ = {isa = PBXBuildFile; fileRef = 29E7827628B78700003CB537 /* AudioPlayer.swift */; };
		29E7827928B78D35003CB537 /* GameView.swift in Sources */ = {isa = PBXBuildFile; fileRef = 29E7827828B78D35003CB537 /* GameView.swift */; };
		29E7827B28B78E05003CB537 /* PlayCardView.swift in Sources */ = {isa = PBXBuildFile; fileRef = 29E7827A28B78E05003CB537 /* PlayCardView.swift */; };
		29E7827D28B7A9C0003CB537 /* Champion.swift in Sources */ = {isa = PBXBuildFile; fileRef = 29E7827C28B7A9C0003CB537 /* Champion.swift */; };
		29E7828028B7AA67003CB537 /* ModelData.swift in Sources */ = {isa = PBXBuildFile; fileRef = 29E7827F28B7AA67003CB537 /* ModelData.swift */; };
		29E7828528B7F869003CB537 /* buildDataScript.py in Resources */ = {isa = PBXBuildFile; fileRef = 29E7828428B7F869003CB537 /* buildDataScript.py */; };
		29E7828728B7FAE1003CB537 /* champions.json in Resources */ = {isa = PBXBuildFile; fileRef = 29E7828628B7FAE1003CB537 /* champions.json */; };
		29E7828E28B8EFD7003CB537 /* ChampionViewModel.swift in Sources */ = {isa = PBXBuildFile; fileRef = 29E7828D28B8EFD7003CB537 /* ChampionViewModel.swift */; };
		29E7829328B9372E003CB537 /* TODO-Checklist.md in Resources */ = {isa = PBXBuildFile; fileRef = 29E7829228B9372E003CB537 /* TODO-Checklist.md */; };
		29E7829728B93E69003CB537 /* Extensions.swift in Sources */ = {isa = PBXBuildFile; fileRef = 29E7829628B93E67003CB537 /* Extensions.swift */; };
		29E7829B28B96405003CB537 /* InfoSheetView.swift in Sources */ = {isa = PBXBuildFile; fileRef = 29E7829A28B96405003CB537 /* InfoSheetView.swift */; };
		29E7829D28B964D5003CB537 /* VolumeSlider.swift in Sources */ = {isa = PBXBuildFile; fileRef = 29E7829C28B964D5003CB537 /* VolumeSlider.swift */; };
		29E7829F28B977A7003CB537 /* CoverView.swift in Sources */ = {isa = PBXBuildFile; fileRef = 29E7829E28B977A7003CB537 /* CoverView.swift */; };
		29E782A128B97CBB003CB537 /* SR - Early Game.mp3 in Resources */ = {isa = PBXBuildFile; fileRef = 29E782A028B97CBB003CB537 /* SR - Early Game.mp3 */; };
		29E782A428B98D50003CB537 /* SR - Late Game.mp3 in Resources */ = {isa = PBXBuildFile; fileRef = 29E782A228B98D4F003CB537 /* SR - Late Game.mp3 */; };
		29E782A528B98D50003CB537 /* SR - Mid Game.mp3 in Resources */ = {isa = PBXBuildFile; fileRef = 29E782A328B98D50003CB537 /* SR - Mid Game.mp3 */; };
		29E782A728B98E43003CB537 /* Enemy.mp3 in Resources */ = {isa = PBXBuildFile; fileRef = 29E782A628B98E43003CB537 /* Enemy.mp3 */; };
		29E782A928B98EDB003CB537 /* PopStars.mp3 in Resources */ = {isa = PBXBuildFile; fileRef = 29E782A828B98EDB003CB537 /* PopStars.mp3 */; };
		29E782AB28B99400003CB537 /* HomeView.swift in Sources */ = {isa = PBXBuildFile; fileRef = 29E782AA28B99400003CB537 /* HomeView.swift */; };
/* End PBXBuildFile section */

/* Begin PBXContainerItemProxy section */
		29E7823128B6E099003CB537 /* PBXContainerItemProxy */ = {
			isa = PBXContainerItemProxy;
			containerPortal = 29E7821828B6E096003CB537 /* Project object */;
			proxyType = 1;
			remoteGlobalIDString = 29E7821F28B6E096003CB537;
			remoteInfo = "LeagueOfLegends-Skinship";
		};
		29E7823B28B6E099003CB537 /* PBXContainerItemProxy */ = {
			isa = PBXContainerItemProxy;
			containerPortal = 29E7821828B6E096003CB537 /* Project object */;
			proxyType = 1;
			remoteGlobalIDString = 29E7821F28B6E096003CB537;
			remoteInfo = "LeagueOfLegends-Skinship";
		};
/* End PBXContainerItemProxy section */

/* Begin PBXFileReference section */
		29023BC828BC8D980042C502 /* TutorialView.swift */ = {isa = PBXFileReference; lastKnownFileType = sourcecode.swift; path = TutorialView.swift; sourceTree = "<group>"; };
		29070ABB28BCC66A00F80F12 /* Defeat.mp3 */ = {isa = PBXFileReference; lastKnownFileType = audio.mp3; path = Defeat.mp3; sourceTree = "<group>"; };
		29070ABC28BCC66A00F80F12 /* Victory.mp3 */ = {isa = PBXFileReference; lastKnownFileType = audio.mp3; path = Victory.mp3; sourceTree = "<group>"; };
		29070ABF28BCCAA500F80F12 /* gold1.wav */ = {isa = PBXFileReference; lastKnownFileType = audio.wav; path = gold1.wav; sourceTree = "<group>"; };
		29070AC128BCCB6900F80F12 /* gold2.wav */ = {isa = PBXFileReference; lastKnownFileType = audio.wav; path = gold2.wav; sourceTree = "<group>"; };
		29070AC228BCCB6900F80F12 /* gold3.wav */ = {isa = PBXFileReference; lastKnownFileType = audio.wav; path = gold3.wav; sourceTree = "<group>"; };
		29070AC328BCCB6900F80F12 /* gold4.wav */ = {isa = PBXFileReference; lastKnownFileType = audio.wav; path = gold4.wav; sourceTree = "<group>"; };
		29070AC428BCCB6A00F80F12 /* gold5.wav */ = {isa = PBXFileReference; lastKnownFileType = audio.wav; path = gold5.wav; sourceTree = "<group>"; };
		29070AC928BCCC3300F80F12 /* danger.wav */ = {isa = PBXFileReference; lastKnownFileType = audio.wav; path = danger.wav; sourceTree = "<group>"; };
		29070ACA28BCCC3400F80F12 /* getback.wav */ = {isa = PBXFileReference; lastKnownFileType = audio.wav; path = getback.wav; sourceTree = "<group>"; };
		29070ACD28BCCCB800F80F12 /* buy.wav */ = {isa = PBXFileReference; lastKnownFileType = audio.wav; path = buy.wav; sourceTree = "<group>"; };
		29070AD528BCD28700F80F12 /* gamestart.mp3 */ = {isa = PBXFileReference; lastKnownFileType = audio.mp3; path = gamestart.mp3; sourceTree = "<group>"; };
		29070AD728BCD3DA00F80F12 /* Rampage.mp3 */ = {isa = PBXFileReference; lastKnownFileType = audio.mp3; path = Rampage.mp3; sourceTree = "<group>"; };
		29070AD928BCD3E900F80F12 /* Dominating.mp3 */ = {isa = PBXFileReference; lastKnownFileType = audio.mp3; path = Dominating.mp3; sourceTree = "<group>"; };
		29070ADA28BCD3E900F80F12 /* Legendary1_1.mp3 */ = {isa = PBXFileReference; lastKnownFileType = audio.mp3; path = Legendary1_1.mp3; sourceTree = "<group>"; };
		29070ADB28BCD3EA00F80F12 /* Godlike_1.mp3 */ = {isa = PBXFileReference; lastKnownFileType = audio.mp3; path = Godlike_1.mp3; sourceTree = "<group>"; };
		29070ADC28BCD3EA00F80F12 /* Killing Spree.mp3 */ = {isa = PBXFileReference; lastKnownFileType = audio.mp3; path = "Killing Spree.mp3"; sourceTree = "<group>"; };
		29070AE528BCD8CA00F80F12 /* newhighscore.wav */ = {isa = PBXFileReference; lastKnownFileType = audio.wav; path = newhighscore.wav; sourceTree = "<group>"; };
		29639EF628BBAD0900FDE2C0 /* LoopingHomescreenVideoPlayerView.swift */ = {isa = PBXFileReference; lastKnownFileType = sourcecode.swift; path = LoopingHomescreenVideoPlayerView.swift; sourceTree = "<group>"; };
		29639EFA28BBE0A000FDE2C0 /* LeagueOfLegends-Skinship.entitlements */ = {isa = PBXFileReference; lastKnownFileType = text.plist.entitlements; path = "LeagueOfLegends-Skinship.entitlements"; sourceTree = "<group>"; };
		29639EFB28BBEE4400FDE2C0 /* homescreen-background.mp4 */ = {isa = PBXFileReference; lastKnownFileType = file; path = "homescreen-background.mp4"; sourceTree = "<group>"; };
		29639EFD28BC030600FDE2C0 /* ModalView.swift */ = {isa = PBXFileReference; lastKnownFileType = sourcecode.swift; path = ModalView.swift; sourceTree = "<group>"; };
		29639EFF28BC7DEB00FDE2C0 /* splash-intro.mp4 */ = {isa = PBXFileReference; lastKnownFileType = file; path = "splash-intro.mp4"; sourceTree = "<group>"; };
		296432ED28BA3007009066BC /* SplashScreenView.swift */ = {isa = PBXFileReference; lastKnownFileType = sourcecode.swift; path = SplashScreenView.swift; sourceTree = "<group>"; };
		29E7822028B6E096003CB537 /* LoL Skinship.app */ = {isa = PBXFileReference; explicitFileType = wrapper.application; includeInIndex = 0; path = "LoL Skinship.app"; sourceTree = BUILT_PRODUCTS_DIR; };
		29E7822328B6E096003CB537 /* LeagueOfLegends_SkinshipApp.swift */ = {isa = PBXFileReference; lastKnownFileType = sourcecode.swift; path = LeagueOfLegends_SkinshipApp.swift; sourceTree = "<group>"; };
		29E7822728B6E099003CB537 /* Assets.xcassets */ = {isa = PBXFileReference; lastKnownFileType = folder.assetcatalog; path = Assets.xcassets; sourceTree = "<group>"; };
		29E7822A28B6E099003CB537 /* Preview Assets.xcassets */ = {isa = PBXFileReference; lastKnownFileType = folder.assetcatalog; path = "Preview Assets.xcassets"; sourceTree = "<group>"; };
		29E7823028B6E099003CB537 /* LeagueOfLegends-SkinshipTests.xctest */ = {isa = PBXFileReference; explicitFileType = wrapper.cfbundle; includeInIndex = 0; path = "LeagueOfLegends-SkinshipTests.xctest"; sourceTree = BUILT_PRODUCTS_DIR; };
		29E7823428B6E099003CB537 /* LeagueOfLegends_SkinshipTests.swift */ = {isa = PBXFileReference; lastKnownFileType = sourcecode.swift; path = LeagueOfLegends_SkinshipTests.swift; sourceTree = "<group>"; };
		29E7823A28B6E099003CB537 /* LeagueOfLegends-SkinshipUITests.xctest */ = {isa = PBXFileReference; explicitFileType = wrapper.cfbundle; includeInIndex = 0; path = "LeagueOfLegends-SkinshipUITests.xctest"; sourceTree = BUILT_PRODUCTS_DIR; };
		29E7823E28B6E099003CB537 /* LeagueOfLegends_SkinshipUITests.swift */ = {isa = PBXFileReference; lastKnownFileType = sourcecode.swift; path = LeagueOfLegends_SkinshipUITests.swift; sourceTree = "<group>"; };
		29E7824028B6E099003CB537 /* LeagueOfLegends_SkinshipUITestsLaunchTests.swift */ = {isa = PBXFileReference; lastKnownFileType = sourcecode.swift; path = LeagueOfLegends_SkinshipUITestsLaunchTests.swift; sourceTree = "<group>"; };
		29E7825228B6E519003CB537 /* Modifiers.swift */ = {isa = PBXFileReference; lastKnownFileType = sourcecode.swift; path = Modifiers.swift; sourceTree = "<group>"; };
		29E7825628B6E7C8003CB537 /* AnswerImageWrapper.swift */ = {isa = PBXFileReference; lastKnownFileType = sourcecode.swift; path = AnswerImageWrapper.swift; sourceTree = "<group>"; };
		29E7827428B786BC003CB537 /* mia.wav */ = {isa = PBXFileReference; lastKnownFileType = audio.wav; path = mia.wav; sourceTree = "<group>"; };
		29E7827628B78700003CB537 /* AudioPlayer.swift */ = {isa = PBXFileReference; lastKnownFileType = sourcecode.swift; path = AudioPlayer.swift; sourceTree = "<group>"; };
		29E7827828B78D35003CB537 /* GameView.swift */ = {isa = PBXFileReference; lastKnownFileType = sourcecode.swift; path = GameView.swift; sourceTree = "<group>"; };
		29E7827A28B78E05003CB537 /* PlayCardView.swift */ = {isa = PBXFileReference; lastKnownFileType = sourcecode.swift; path = PlayCardView.swift; sourceTree = "<group>"; };
		29E7827C28B7A9C0003CB537 /* Champion.swift */ = {isa = PBXFileReference; lastKnownFileType = sourcecode.swift; path = Champion.swift; sourceTree = "<group>"; };
		29E7827F28B7AA67003CB537 /* ModelData.swift */ = {isa = PBXFileReference; lastKnownFileType = sourcecode.swift; path = ModelData.swift; sourceTree = "<group>"; };
		29E7828428B7F869003CB537 /* buildDataScript.py */ = {isa = PBXFileReference; fileEncoding = 4; lastKnownFileType = text.script.python; name = buildDataScript.py; path = assets/script/buildDataScript.py; sourceTree = SOURCE_ROOT; };
		29E7828628B7FAE1003CB537 /* champions.json */ = {isa = PBXFileReference; fileEncoding = 4; lastKnownFileType = text.json; name = champions.json; path = assets/script/output/champions.json; sourceTree = SOURCE_ROOT; };
		29E7828D28B8EFD7003CB537 /* ChampionViewModel.swift */ = {isa = PBXFileReference; lastKnownFileType = sourcecode.swift; path = ChampionViewModel.swift; sourceTree = "<group>"; };
		29E7829228B9372E003CB537 /* TODO-Checklist.md */ = {isa = PBXFileReference; fileEncoding = 4; lastKnownFileType = net.daringfireball.markdown; path = "TODO-Checklist.md"; sourceTree = SOURCE_ROOT; };
		29E7829628B93E67003CB537 /* Extensions.swift */ = {isa = PBXFileReference; lastKnownFileType = sourcecode.swift; path = Extensions.swift; sourceTree = "<group>"; };
		29E7829A28B96405003CB537 /* InfoSheetView.swift */ = {isa = PBXFileReference; lastKnownFileType = sourcecode.swift; path = InfoSheetView.swift; sourceTree = "<group>"; };
		29E7829C28B964D5003CB537 /* VolumeSlider.swift */ = {isa = PBXFileReference; lastKnownFileType = sourcecode.swift; path = VolumeSlider.swift; sourceTree = "<group>"; };
		29E7829E28B977A7003CB537 /* CoverView.swift */ = {isa = PBXFileReference; lastKnownFileType = sourcecode.swift; path = CoverView.swift; sourceTree = "<group>"; };
		29E782A028B97CBB003CB537 /* SR - Early Game.mp3 */ = {isa = PBXFileReference; lastKnownFileType = audio.mp3; path = "SR - Early Game.mp3"; sourceTree = "<group>"; };
		29E782A228B98D4F003CB537 /* SR - Late Game.mp3 */ = {isa = PBXFileReference; lastKnownFileType = audio.mp3; path = "SR - Late Game.mp3"; sourceTree = "<group>"; };
		29E782A328B98D50003CB537 /* SR - Mid Game.mp3 */ = {isa = PBXFileReference; lastKnownFileType = audio.mp3; path = "SR - Mid Game.mp3"; sourceTree = "<group>"; };
		29E782A628B98E43003CB537 /* Enemy.mp3 */ = {isa = PBXFileReference; lastKnownFileType = audio.mp3; path = Enemy.mp3; sourceTree = "<group>"; };
		29E782A828B98EDB003CB537 /* PopStars.mp3 */ = {isa = PBXFileReference; lastKnownFileType = audio.mp3; path = PopStars.mp3; sourceTree = "<group>"; };
		29E782AA28B99400003CB537 /* HomeView.swift */ = {isa = PBXFileReference; lastKnownFileType = sourcecode.swift; path = HomeView.swift; sourceTree = "<group>"; };
/* End PBXFileReference section */

/* Begin PBXFrameworksBuildPhase section */
		29E7821D28B6E096003CB537 /* Frameworks */ = {
			isa = PBXFrameworksBuildPhase;
			buildActionMask = 2147483647;
			files = (
			);
			runOnlyForDeploymentPostprocessing = 0;
		};
		29E7822D28B6E099003CB537 /* Frameworks */ = {
			isa = PBXFrameworksBuildPhase;
			buildActionMask = 2147483647;
			files = (
			);
			runOnlyForDeploymentPostprocessing = 0;
		};
		29E7823728B6E099003CB537 /* Frameworks */ = {
			isa = PBXFrameworksBuildPhase;
			buildActionMask = 2147483647;
			files = (
			);
			runOnlyForDeploymentPostprocessing = 0;
		};
/* End PBXFrameworksBuildPhase section */

/* Begin PBXGroup section */
		29070AE128BCD3F300F80F12 /* Announcers */ = {
			isa = PBXGroup;
			children = (
				29070AD728BCD3DA00F80F12 /* Rampage.mp3 */,
				29070ABB28BCC66A00F80F12 /* Defeat.mp3 */,
				29070ABC28BCC66A00F80F12 /* Victory.mp3 */,
				29070AD928BCD3E900F80F12 /* Dominating.mp3 */,
				29070ADB28BCD3EA00F80F12 /* Godlike_1.mp3 */,
				29070ADC28BCD3EA00F80F12 /* Killing Spree.mp3 */,
				29070ADA28BCD3E900F80F12 /* Legendary1_1.mp3 */,
			);
			path = Announcers;
			sourceTree = "<group>";
		};
		29070AE228BCD3FB00F80F12 /* Golds */ = {
			isa = PBXGroup;
			children = (
				29070ABF28BCCAA500F80F12 /* gold1.wav */,
				29070AC128BCCB6900F80F12 /* gold2.wav */,
				29070AC228BCCB6900F80F12 /* gold3.wav */,
				29070AC328BCCB6900F80F12 /* gold4.wav */,
				29070AC428BCCB6A00F80F12 /* gold5.wav */,
				29070ACD28BCCCB800F80F12 /* buy.wav */,
			);
			path = Golds;
			sourceTree = "<group>";
		};
		29070AE328BCD40C00F80F12 /* Songs */ = {
			isa = PBXGroup;
			children = (
				29E782A828B98EDB003CB537 /* PopStars.mp3 */,
				29E782A628B98E43003CB537 /* Enemy.mp3 */,
				29E782A328B98D50003CB537 /* SR - Mid Game.mp3 */,
				29E782A228B98D4F003CB537 /* SR - Late Game.mp3 */,
				29E782A028B97CBB003CB537 /* SR - Early Game.mp3 */,
			);
			path = Songs;
			sourceTree = "<group>";
		};
		29070AE428BCD42F00F80F12 /* Lose */ = {
			isa = PBXGroup;
			children = (
				29070AC928BCCC3300F80F12 /* danger.wav */,
				29070ACA28BCCC3400F80F12 /* getback.wav */,
				29E7827428B786BC003CB537 /* mia.wav */,
			);
			path = Lose;
			sourceTree = "<group>";
		};
		29070AE728BCE69700F80F12 /* Fonts */ = {
			isa = PBXGroup;
			children = (
			);
			path = Fonts;
			sourceTree = "<group>";
		};
		296432EF28BA5E14009066BC /* Videos */ = {
			isa = PBXGroup;
			children = (
				29639EFF28BC7DEB00FDE2C0 /* splash-intro.mp4 */,
				29639EFB28BBEE4400FDE2C0 /* homescreen-background.mp4 */,
			);
			path = Videos;
			sourceTree = "<group>";
		};
		29E7821728B6E096003CB537 = {
			isa = PBXGroup;
			children = (
				29E7822228B6E096003CB537 /* LeagueOfLegends-Skinship */,
				29E7823328B6E099003CB537 /* LeagueOfLegends-SkinshipTests */,
				29E7823D28B6E099003CB537 /* LeagueOfLegends-SkinshipUITests */,
				29E7822128B6E096003CB537 /* Products */,
			);
			sourceTree = "<group>";
		};
		29E7822128B6E096003CB537 /* Products */ = {
			isa = PBXGroup;
			children = (
				29E7822028B6E096003CB537 /* LoL Skinship.app */,
				29E7823028B6E099003CB537 /* LeagueOfLegends-SkinshipTests.xctest */,
				29E7823A28B6E099003CB537 /* LeagueOfLegends-SkinshipUITests.xctest */,
			);
			name = Products;
			sourceTree = "<group>";
		};
		29E7822228B6E096003CB537 /* LeagueOfLegends-Skinship */ = {
			isa = PBXGroup;
			children = (
				29070AE728BCE69700F80F12 /* Fonts */,
				29639EFA28BBE0A000FDE2C0 /* LeagueOfLegends-Skinship.entitlements */,
				296432EF28BA5E14009066BC /* Videos */,
				29E7829128B93713003CB537 /* Docs */,
				29E7828C28B8EFC4003CB537 /* ViewModel */,
				29E7828328B7F845003CB537 /* Scripts */,
				29E7825128B6E4F8003CB537 /* Helpers */,
				29E7824D28B6E46E003CB537 /* Views */,
				29E7824F28B6E483003CB537 /* Model */,
				29E7824E28B6E47B003CB537 /* Sounds */,
				29E7822728B6E099003CB537 /* Assets.xcassets */,
				29E7822928B6E099003CB537 /* Preview Content */,
			);
			path = "LeagueOfLegends-Skinship";
			sourceTree = "<group>";
		};
		29E7822928B6E099003CB537 /* Preview Content */ = {
			isa = PBXGroup;
			children = (
				29E7822A28B6E099003CB537 /* Preview Assets.xcassets */,
			);
			path = "Preview Content";
			sourceTree = "<group>";
		};
		29E7823328B6E099003CB537 /* LeagueOfLegends-SkinshipTests */ = {
			isa = PBXGroup;
			children = (
				29E7823428B6E099003CB537 /* LeagueOfLegends_SkinshipTests.swift */,
			);
			path = "LeagueOfLegends-SkinshipTests";
			sourceTree = "<group>";
		};
		29E7823D28B6E099003CB537 /* LeagueOfLegends-SkinshipUITests */ = {
			isa = PBXGroup;
			children = (
				29E7823E28B6E099003CB537 /* LeagueOfLegends_SkinshipUITests.swift */,
				29E7824028B6E099003CB537 /* LeagueOfLegends_SkinshipUITestsLaunchTests.swift */,
			);
			path = "LeagueOfLegends-SkinshipUITests";
			sourceTree = "<group>";
		};
		29E7824D28B6E46E003CB537 /* Views */ = {
			isa = PBXGroup;
			children = (
				29E7825028B6E4AF003CB537 /* Components */,
				29E7822328B6E096003CB537 /* LeagueOfLegends_SkinshipApp.swift */,
				29E7827828B78D35003CB537 /* GameView.swift */,
				29E7829A28B96405003CB537 /* InfoSheetView.swift */,
				29E782AA28B99400003CB537 /* HomeView.swift */,
				296432ED28BA3007009066BC /* SplashScreenView.swift */,
				29023BC828BC8D980042C502 /* TutorialView.swift */,
			);
			path = Views;
			sourceTree = "<group>";
		};
		29E7824E28B6E47B003CB537 /* Sounds */ = {
			isa = PBXGroup;
			children = (
				29070AE428BCD42F00F80F12 /* Lose */,
				29070AE328BCD40C00F80F12 /* Songs */,
				29070AE228BCD3FB00F80F12 /* Golds */,
				29070AE128BCD3F300F80F12 /* Announcers */,
				29070AD528BCD28700F80F12 /* gamestart.mp3 */,
				29070AE528BCD8CA00F80F12 /* newhighscore.wav */,
			);
			path = Sounds;
			sourceTree = "<group>";
		};
		29E7824F28B6E483003CB537 /* Model */ = {
			isa = PBXGroup;
			children = (
				29E7828628B7FAE1003CB537 /* champions.json */,
				29E7827C28B7A9C0003CB537 /* Champion.swift */,
				29E7827F28B7AA67003CB537 /* ModelData.swift */,
			);
			path = Model;
			sourceTree = "<group>";
		};
		29E7825028B6E4AF003CB537 /* Components */ = {
			isa = PBXGroup;
			children = (
				29E7825628B6E7C8003CB537 /* AnswerImageWrapper.swift */,
				29E7827A28B78E05003CB537 /* PlayCardView.swift */,
				29E7829C28B964D5003CB537 /* VolumeSlider.swift */,
				29E7829E28B977A7003CB537 /* CoverView.swift */,
				29639EF628BBAD0900FDE2C0 /* LoopingHomescreenVideoPlayerView.swift */,
				29639EFD28BC030600FDE2C0 /* ModalView.swift */,
			);
			path = Components;
			sourceTree = "<group>";
		};
		29E7825128B6E4F8003CB537 /* Helpers */ = {
			isa = PBXGroup;
			children = (
				29E7825228B6E519003CB537 /* Modifiers.swift */,
				29E7827628B78700003CB537 /* AudioPlayer.swift */,
				29E7829628B93E67003CB537 /* Extensions.swift */,
			);
			path = Helpers;
			sourceTree = "<group>";
		};
		29E7828328B7F845003CB537 /* Scripts */ = {
			isa = PBXGroup;
			children = (
				29E7828428B7F869003CB537 /* buildDataScript.py */,
			);
			path = Scripts;
			sourceTree = "<group>";
		};
		29E7828C28B8EFC4003CB537 /* ViewModel */ = {
			isa = PBXGroup;
			children = (
				29E7828D28B8EFD7003CB537 /* ChampionViewModel.swift */,
			);
			path = ViewModel;
			sourceTree = "<group>";
		};
		29E7829128B93713003CB537 /* Docs */ = {
			isa = PBXGroup;
			children = (
				29E7829228B9372E003CB537 /* TODO-Checklist.md */,
			);
			path = Docs;
			sourceTree = "<group>";
		};
/* End PBXGroup section */

/* Begin PBXNativeTarget section */
		29E7821F28B6E096003CB537 /* LeagueOfLegends-Skinship */ = {
			isa = PBXNativeTarget;
			buildConfigurationList = 29E7824428B6E099003CB537 /* Build configuration list for PBXNativeTarget "LeagueOfLegends-Skinship" */;
			buildPhases = (
				29E7821C28B6E096003CB537 /* Sources */,
				29E7821D28B6E096003CB537 /* Frameworks */,
				29E7821E28B6E096003CB537 /* Resources */,
			);
			buildRules = (
			);
			dependencies = (
			);
			name = "LeagueOfLegends-Skinship";
			productName = "LeagueOfLegends-Skinship";
			productReference = 29E7822028B6E096003CB537 /* LoL Skinship.app */;
			productType = "com.apple.product-type.application";
		};
		29E7822F28B6E099003CB537 /* LeagueOfLegends-SkinshipTests */ = {
			isa = PBXNativeTarget;
			buildConfigurationList = 29E7824728B6E099003CB537 /* Build configuration list for PBXNativeTarget "LeagueOfLegends-SkinshipTests" */;
			buildPhases = (
				29E7822C28B6E099003CB537 /* Sources */,
				29E7822D28B6E099003CB537 /* Frameworks */,
				29E7822E28B6E099003CB537 /* Resources */,
			);
			buildRules = (
			);
			dependencies = (
				29E7823228B6E099003CB537 /* PBXTargetDependency */,
			);
			name = "LeagueOfLegends-SkinshipTests";
			productName = "LeagueOfLegends-SkinshipTests";
			productReference = 29E7823028B6E099003CB537 /* LeagueOfLegends-SkinshipTests.xctest */;
			productType = "com.apple.product-type.bundle.unit-test";
		};
		29E7823928B6E099003CB537 /* LeagueOfLegends-SkinshipUITests */ = {
			isa = PBXNativeTarget;
			buildConfigurationList = 29E7824A28B6E099003CB537 /* Build configuration list for PBXNativeTarget "LeagueOfLegends-SkinshipUITests" */;
			buildPhases = (
				29E7823628B6E099003CB537 /* Sources */,
				29E7823728B6E099003CB537 /* Frameworks */,
				29E7823828B6E099003CB537 /* Resources */,
			);
			buildRules = (
			);
			dependencies = (
				29E7823C28B6E099003CB537 /* PBXTargetDependency */,
			);
			name = "LeagueOfLegends-SkinshipUITests";
			productName = "LeagueOfLegends-SkinshipUITests";
			productReference = 29E7823A28B6E099003CB537 /* LeagueOfLegends-SkinshipUITests.xctest */;
			productType = "com.apple.product-type.bundle.ui-testing";
		};
/* End PBXNativeTarget section */

/* Begin PBXProject section */
		29E7821828B6E096003CB537 /* Project object */ = {
			isa = PBXProject;
			attributes = {
				BuildIndependentTargetsInParallel = 1;
				LastSwiftUpdateCheck = 1340;
				LastUpgradeCheck = 1340;
				TargetAttributes = {
					29E7821F28B6E096003CB537 = {
						CreatedOnToolsVersion = 13.4.1;
					};
					29E7822F28B6E099003CB537 = {
						CreatedOnToolsVersion = 13.4.1;
						TestTargetID = 29E7821F28B6E096003CB537;
					};
					29E7823928B6E099003CB537 = {
						CreatedOnToolsVersion = 13.4.1;
						TestTargetID = 29E7821F28B6E096003CB537;
					};
				};
			};
			buildConfigurationList = 29E7821B28B6E096003CB537 /* Build configuration list for PBXProject "LeagueOfLegends-Skinship" */;
			compatibilityVersion = "Xcode 13.0";
			developmentRegion = en;
			hasScannedForEncodings = 0;
			knownRegions = (
				en,
				Base,
			);
			mainGroup = 29E7821728B6E096003CB537;
			productRefGroup = 29E7822128B6E096003CB537 /* Products */;
			projectDirPath = "";
			projectRoot = "";
			targets = (
				29E7821F28B6E096003CB537 /* LeagueOfLegends-Skinship */,
				29E7822F28B6E099003CB537 /* LeagueOfLegends-SkinshipTests */,
				29E7823928B6E099003CB537 /* LeagueOfLegends-SkinshipUITests */,
			);
		};
/* End PBXProject section */

/* Begin PBXResourcesBuildPhase section */
		29E7821E28B6E096003CB537 /* Resources */ = {
			isa = PBXResourcesBuildPhase;
			buildActionMask = 2147483647;
			files = (
				29E7828728B7FAE1003CB537 /* champions.json in Resources */,
				29E782A528B98D50003CB537 /* SR - Mid Game.mp3 in Resources */,
				29070ADF28BCD3EA00F80F12 /* Godlike_1.mp3 in Resources */,
				29E7829328B9372E003CB537 /* TODO-Checklist.md in Resources */,
				29E7827528B786BC003CB537 /* mia.wav in Resources */,
				29E782A928B98EDB003CB537 /* PopStars.mp3 in Resources */,
				29070AE628BCD8CA00F80F12 /* newhighscore.wav in Resources */,
				29070AC728BCCB6A00F80F12 /* gold4.wav in Resources */,
				29070ACB28BCCC3400F80F12 /* danger.wav in Resources */,
				29070AC528BCCB6A00F80F12 /* gold2.wav in Resources */,
				29E7828528B7F869003CB537 /* buildDataScript.py in Resources */,
				29E782A128B97CBB003CB537 /* SR - Early Game.mp3 in Resources */,
				29E7822B28B6E099003CB537 /* Preview Assets.xcassets in Resources */,
				29070AD628BCD28700F80F12 /* gamestart.mp3 in Resources */,
				29639F0028BC7DEB00FDE2C0 /* splash-intro.mp4 in Resources */,
				29070ABE28BCC66A00F80F12 /* Victory.mp3 in Resources */,
				29070ADD28BCD3EA00F80F12 /* Dominating.mp3 in Resources */,
				29070AC828BCCB6A00F80F12 /* gold5.wav in Resources */,
				29070ADE28BCD3EA00F80F12 /* Legendary1_1.mp3 in Resources */,
				29E782A428B98D50003CB537 /* SR - Late Game.mp3 in Resources */,
				29070AC028BCCAA500F80F12 /* gold1.wav in Resources */,
				29E782A728B98E43003CB537 /* Enemy.mp3 in Resources */,
				29070ACE28BCCCB800F80F12 /* buy.wav in Resources */,
				29070AD828BCD3DA00F80F12 /* Rampage.mp3 in Resources */,
				29070ABD28BCC66A00F80F12 /* Defeat.mp3 in Resources */,
				29639EFC28BBEE4400FDE2C0 /* homescreen-background.mp4 in Resources */,
				29070ACC28BCCC3400F80F12 /* getback.wav in Resources */,
				29070AE028BCD3EA00F80F12 /* Killing Spree.mp3 in Resources */,
				29070AC628BCCB6A00F80F12 /* gold3.wav in Resources */,
				29E7822828B6E099003CB537 /* Assets.xcassets in Resources */,
			);
			runOnlyForDeploymentPostprocessing = 0;
		};
		29E7822E28B6E099003CB537 /* Resources */ = {
			isa = PBXResourcesBuildPhase;
			buildActionMask = 2147483647;
			files = (
			);
			runOnlyForDeploymentPostprocessing = 0;
		};
		29E7823828B6E099003CB537 /* Resources */ = {
			isa = PBXResourcesBuildPhase;
			buildActionMask = 2147483647;
			files = (
			);
			runOnlyForDeploymentPostprocessing = 0;
		};
/* End PBXResourcesBuildPhase section */

/* Begin PBXSourcesBuildPhase section */
		29E7821C28B6E096003CB537 /* Sources */ = {
			isa = PBXSourcesBuildPhase;
			buildActionMask = 2147483647;
			files = (
				29E7827D28B7A9C0003CB537 /* Champion.swift in Sources */,
				29E7828E28B8EFD7003CB537 /* ChampionViewModel.swift in Sources */,
				29E7828028B7AA67003CB537 /* ModelData.swift in Sources */,
				29639EF728BBAD0900FDE2C0 /* LoopingHomescreenVideoPlayerView.swift in Sources */,
				29023BC928BC8D980042C502 /* TutorialView.swift in Sources */,
				29E7822428B6E096003CB537 /* LeagueOfLegends_SkinshipApp.swift in Sources */,
				29639EFE28BC030600FDE2C0 /* ModalView.swift in Sources */,
				29E7827728B78700003CB537 /* AudioPlayer.swift in Sources */,
				29E7825328B6E519003CB537 /* Modifiers.swift in Sources */,
				296432EE28BA3007009066BC /* SplashScreenView.swift in Sources */,
				29E7829D28B964D5003CB537 /* VolumeSlider.swift in Sources */,
				29E7829F28B977A7003CB537 /* CoverView.swift in Sources */,
				29E7827928B78D35003CB537 /* GameView.swift in Sources */,
				29E7827B28B78E05003CB537 /* PlayCardView.swift in Sources */,
				29E7829728B93E69003CB537 /* Extensions.swift in Sources */,
				29E782AB28B99400003CB537 /* HomeView.swift in Sources */,
				29E7825728B6E7C8003CB537 /* AnswerImageWrapper.swift in Sources */,
				29E7829B28B96405003CB537 /* InfoSheetView.swift in Sources */,
			);
			runOnlyForDeploymentPostprocessing = 0;
		};
		29E7822C28B6E099003CB537 /* Sources */ = {
			isa = PBXSourcesBuildPhase;
			buildActionMask = 2147483647;
			files = (
				29E7823528B6E099003CB537 /* LeagueOfLegends_SkinshipTests.swift in Sources */,
			);
			runOnlyForDeploymentPostprocessing = 0;
		};
		29E7823628B6E099003CB537 /* Sources */ = {
			isa = PBXSourcesBuildPhase;
			buildActionMask = 2147483647;
			files = (
				29E7824128B6E099003CB537 /* LeagueOfLegends_SkinshipUITestsLaunchTests.swift in Sources */,
				29E7823F28B6E099003CB537 /* LeagueOfLegends_SkinshipUITests.swift in Sources */,
			);
			runOnlyForDeploymentPostprocessing = 0;
		};
/* End PBXSourcesBuildPhase section */

/* Begin PBXTargetDependency section */
		29E7823228B6E099003CB537 /* PBXTargetDependency */ = {
			isa = PBXTargetDependency;
			target = 29E7821F28B6E096003CB537 /* LeagueOfLegends-Skinship */;
			targetProxy = 29E7823128B6E099003CB537 /* PBXContainerItemProxy */;
		};
		29E7823C28B6E099003CB537 /* PBXTargetDependency */ = {
			isa = PBXTargetDependency;
			target = 29E7821F28B6E096003CB537 /* LeagueOfLegends-Skinship */;
			targetProxy = 29E7823B28B6E099003CB537 /* PBXContainerItemProxy */;
		};
/* End PBXTargetDependency section */

/* Begin XCBuildConfiguration section */
		29E7824228B6E099003CB537 /* Debug */ = {
			isa = XCBuildConfiguration;
			buildSettings = {
				ALWAYS_SEARCH_USER_PATHS = NO;
				CLANG_ANALYZER_NONNULL = YES;
				CLANG_ANALYZER_NUMBER_OBJECT_CONVERSION = YES_AGGRESSIVE;
				CLANG_CXX_LANGUAGE_STANDARD = "gnu++17";
				CLANG_ENABLE_MODULES = YES;
				CLANG_ENABLE_OBJC_ARC = YES;
				CLANG_ENABLE_OBJC_WEAK = YES;
				CLANG_WARN_BLOCK_CAPTURE_AUTORELEASING = YES;
				CLANG_WARN_BOOL_CONVERSION = YES;
				CLANG_WARN_COMMA = YES;
				CLANG_WARN_CONSTANT_CONVERSION = YES;
				CLANG_WARN_DEPRECATED_OBJC_IMPLEMENTATIONS = YES;
				CLANG_WARN_DIRECT_OBJC_ISA_USAGE = YES_ERROR;
				CLANG_WARN_DOCUMENTATION_COMMENTS = YES;
				CLANG_WARN_EMPTY_BODY = YES;
				CLANG_WARN_ENUM_CONVERSION = YES;
				CLANG_WARN_INFINITE_RECURSION = YES;
				CLANG_WARN_INT_CONVERSION = YES;
				CLANG_WARN_NON_LITERAL_NULL_CONVERSION = YES;
				CLANG_WARN_OBJC_IMPLICIT_RETAIN_SELF = YES;
				CLANG_WARN_OBJC_LITERAL_CONVERSION = YES;
				CLANG_WARN_OBJC_ROOT_CLASS = YES_ERROR;
				CLANG_WARN_QUOTED_INCLUDE_IN_FRAMEWORK_HEADER = YES;
				CLANG_WARN_RANGE_LOOP_ANALYSIS = YES;
				CLANG_WARN_STRICT_PROTOTYPES = YES;
				CLANG_WARN_SUSPICIOUS_MOVE = YES;
				CLANG_WARN_UNGUARDED_AVAILABILITY = YES_AGGRESSIVE;
				CLANG_WARN_UNREACHABLE_CODE = YES;
				CLANG_WARN__DUPLICATE_METHOD_MATCH = YES;
				COPY_PHASE_STRIP = NO;
				DEBUG_INFORMATION_FORMAT = dwarf;
				ENABLE_STRICT_OBJC_MSGSEND = YES;
				ENABLE_TESTABILITY = YES;
				GCC_C_LANGUAGE_STANDARD = gnu11;
				GCC_DYNAMIC_NO_PIC = NO;
				GCC_NO_COMMON_BLOCKS = YES;
				GCC_OPTIMIZATION_LEVEL = 0;
				GCC_PREPROCESSOR_DEFINITIONS = (
					"DEBUG=1",
					"$(inherited)",
				);
				GCC_WARN_64_TO_32_BIT_CONVERSION = YES;
				GCC_WARN_ABOUT_RETURN_TYPE = YES_ERROR;
				GCC_WARN_UNDECLARED_SELECTOR = YES;
				GCC_WARN_UNINITIALIZED_AUTOS = YES_AGGRESSIVE;
				GCC_WARN_UNUSED_FUNCTION = YES;
				GCC_WARN_UNUSED_VARIABLE = YES;
				IPHONEOS_DEPLOYMENT_TARGET = 15.5;
				MTL_ENABLE_DEBUG_INFO = INCLUDE_SOURCE;
				MTL_FAST_MATH = YES;
				ONLY_ACTIVE_ARCH = YES;
				PRODUCT_NAME = "LoL Skinship";
				SDKROOT = iphoneos;
				SWIFT_ACTIVE_COMPILATION_CONDITIONS = DEBUG;
				SWIFT_OPTIMIZATION_LEVEL = "-Onone";
			};
			name = Debug;
		};
		29E7824328B6E099003CB537 /* Release */ = {
			isa = XCBuildConfiguration;
			buildSettings = {
				ALWAYS_SEARCH_USER_PATHS = NO;
				CLANG_ANALYZER_NONNULL = YES;
				CLANG_ANALYZER_NUMBER_OBJECT_CONVERSION = YES_AGGRESSIVE;
				CLANG_CXX_LANGUAGE_STANDARD = "gnu++17";
				CLANG_ENABLE_MODULES = YES;
				CLANG_ENABLE_OBJC_ARC = YES;
				CLANG_ENABLE_OBJC_WEAK = YES;
				CLANG_WARN_BLOCK_CAPTURE_AUTORELEASING = YES;
				CLANG_WARN_BOOL_CONVERSION = YES;
				CLANG_WARN_COMMA = YES;
				CLANG_WARN_CONSTANT_CONVERSION = YES;
				CLANG_WARN_DEPRECATED_OBJC_IMPLEMENTATIONS = YES;
				CLANG_WARN_DIRECT_OBJC_ISA_USAGE = YES_ERROR;
				CLANG_WARN_DOCUMENTATION_COMMENTS = YES;
				CLANG_WARN_EMPTY_BODY = YES;
				CLANG_WARN_ENUM_CONVERSION = YES;
				CLANG_WARN_INFINITE_RECURSION = YES;
				CLANG_WARN_INT_CONVERSION = YES;
				CLANG_WARN_NON_LITERAL_NULL_CONVERSION = YES;
				CLANG_WARN_OBJC_IMPLICIT_RETAIN_SELF = YES;
				CLANG_WARN_OBJC_LITERAL_CONVERSION = YES;
				CLANG_WARN_OBJC_ROOT_CLASS = YES_ERROR;
				CLANG_WARN_QUOTED_INCLUDE_IN_FRAMEWORK_HEADER = YES;
				CLANG_WARN_RANGE_LOOP_ANALYSIS = YES;
				CLANG_WARN_STRICT_PROTOTYPES = YES;
				CLANG_WARN_SUSPICIOUS_MOVE = YES;
				CLANG_WARN_UNGUARDED_AVAILABILITY = YES_AGGRESSIVE;
				CLANG_WARN_UNREACHABLE_CODE = YES;
				CLANG_WARN__DUPLICATE_METHOD_MATCH = YES;
				COPY_PHASE_STRIP = NO;
				DEBUG_INFORMATION_FORMAT = "dwarf-with-dsym";
				ENABLE_NS_ASSERTIONS = NO;
				ENABLE_STRICT_OBJC_MSGSEND = YES;
				GCC_C_LANGUAGE_STANDARD = gnu11;
				GCC_NO_COMMON_BLOCKS = YES;
				GCC_WARN_64_TO_32_BIT_CONVERSION = YES;
				GCC_WARN_ABOUT_RETURN_TYPE = YES_ERROR;
				GCC_WARN_UNDECLARED_SELECTOR = YES;
				GCC_WARN_UNINITIALIZED_AUTOS = YES_AGGRESSIVE;
				GCC_WARN_UNUSED_FUNCTION = YES;
				GCC_WARN_UNUSED_VARIABLE = YES;
				IPHONEOS_DEPLOYMENT_TARGET = 15.5;
				MTL_ENABLE_DEBUG_INFO = NO;
				MTL_FAST_MATH = YES;
				PRODUCT_NAME = "LoL Skinship";
				SDKROOT = iphoneos;
				SWIFT_COMPILATION_MODE = wholemodule;
				SWIFT_OPTIMIZATION_LEVEL = "-O";
				VALIDATE_PRODUCT = YES;
			};
			name = Release;
		};
		29E7824528B6E099003CB537 /* Debug */ = {
			isa = XCBuildConfiguration;
			buildSettings = {
				ASSETCATALOG_COMPILER_APPICON_NAME = AppIcon;
				ASSETCATALOG_COMPILER_GLOBAL_ACCENT_COLOR_NAME = AccentColor;
				ASSETCATALOG_COMPILER_INCLUDE_ALL_APPICON_ASSETS = NO;
				CODE_SIGN_ENTITLEMENTS = "LeagueOfLegends-Skinship/LeagueOfLegends-Skinship.entitlements";
				"CODE_SIGN_IDENTITY[sdk=macosx*]" = "Apple Development";
				CODE_SIGN_STYLE = Automatic;
				CURRENT_PROJECT_VERSION = 1;
				DEVELOPMENT_ASSET_PATHS = "\"LeagueOfLegends-Skinship/Preview Content\"";
				DEVELOPMENT_TEAM = AHZYNUTR8C;
				ENABLE_PREVIEWS = YES;
				GENERATE_INFOPLIST_FILE = YES;
				INFOPLIST_KEY_LSApplicationCategoryType = "public.app-category.card-games";
				INFOPLIST_KEY_UIApplicationSceneManifest_Generation = YES;
				INFOPLIST_KEY_UIApplicationSupportsIndirectInputEvents = YES;
				INFOPLIST_KEY_UILaunchScreen_Generation = YES;
				INFOPLIST_KEY_UIRequiresFullScreen = NO;
				INFOPLIST_KEY_UISupportedInterfaceOrientations = UIInterfaceOrientationPortrait;
				INFOPLIST_KEY_UISupportedInterfaceOrientations_iPad = "UIInterfaceOrientationPortrait UIInterfaceOrientationPortraitUpsideDown UIInterfaceOrientationLandscapeLeft UIInterfaceOrientationLandscapeRight";
				INFOPLIST_KEY_UISupportedInterfaceOrientations_iPhone = "UIInterfaceOrientationPortrait UIInterfaceOrientationLandscapeLeft UIInterfaceOrientationLandscapeRight";
				IPHONEOS_DEPLOYMENT_TARGET = 15.5;
				"IPHONEOS_DEPLOYMENT_TARGET[sdk=macosx*]" = 15.3;
				LD_RUNPATH_SEARCH_PATHS = (
					"$(inherited)",
					"@executable_path/Frameworks",
				);
				MARKETING_VERSION = 1.0;
				PRODUCT_BUNDLE_IDENTIFIER = "com.hoangdesu.LeagueOfLegends-Skinship";
				PRODUCT_NAME = "LoL Skinship";
				SUPPORTS_MACCATALYST = YES;
				SWIFT_EMIT_LOC_STRINGS = YES;
				SWIFT_VERSION = 5.0;
				TARGETED_DEVICE_FAMILY = "1,2";
			};
			name = Debug;
		};
		29E7824628B6E099003CB537 /* Release */ = {
			isa = XCBuildConfiguration;
			buildSettings = {
				ASSETCATALOG_COMPILER_APPICON_NAME = AppIcon;
				ASSETCATALOG_COMPILER_GLOBAL_ACCENT_COLOR_NAME = AccentColor;
				ASSETCATALOG_COMPILER_INCLUDE_ALL_APPICON_ASSETS = NO;
				CODE_SIGN_ENTITLEMENTS = "LeagueOfLegends-Skinship/LeagueOfLegends-Skinship.entitlements";
				"CODE_SIGN_IDENTITY[sdk=macosx*]" = "Apple Development";
				CODE_SIGN_STYLE = Automatic;
				CURRENT_PROJECT_VERSION = 1;
				DEVELOPMENT_ASSET_PATHS = "\"LeagueOfLegends-Skinship/Preview Content\"";
				DEVELOPMENT_TEAM = AHZYNUTR8C;
				ENABLE_PREVIEWS = YES;
				GENERATE_INFOPLIST_FILE = YES;
				INFOPLIST_KEY_LSApplicationCategoryType = "public.app-category.card-games";
				INFOPLIST_KEY_UIApplicationSceneManifest_Generation = YES;
				INFOPLIST_KEY_UIApplicationSupportsIndirectInputEvents = YES;
				INFOPLIST_KEY_UILaunchScreen_Generation = YES;
				INFOPLIST_KEY_UIRequiresFullScreen = NO;
				INFOPLIST_KEY_UISupportedInterfaceOrientations = UIInterfaceOrientationPortrait;
				INFOPLIST_KEY_UISupportedInterfaceOrientations_iPad = "UIInterfaceOrientationPortrait UIInterfaceOrientationPortraitUpsideDown UIInterfaceOrientationLandscapeLeft UIInterfaceOrientationLandscapeRight";
				INFOPLIST_KEY_UISupportedInterfaceOrientations_iPhone = "UIInterfaceOrientationPortrait UIInterfaceOrientationLandscapeLeft UIInterfaceOrientationLandscapeRight";
				IPHONEOS_DEPLOYMENT_TARGET = 15.5;
				"IPHONEOS_DEPLOYMENT_TARGET[sdk=macosx*]" = 15.3;
				LD_RUNPATH_SEARCH_PATHS = (
					"$(inherited)",
					"@executable_path/Frameworks",
				);
				MARKETING_VERSION = 1.0;
				PRODUCT_BUNDLE_IDENTIFIER = "com.hoangdesu.LeagueOfLegends-Skinship";
				PRODUCT_NAME = "LoL Skinship";
				SUPPORTS_MACCATALYST = YES;
				SWIFT_EMIT_LOC_STRINGS = YES;
				SWIFT_VERSION = 5.0;
				TARGETED_DEVICE_FAMILY = "1,2";
			};
			name = Release;
		};
		29E7824828B6E099003CB537 /* Debug */ = {
			isa = XCBuildConfiguration;
			buildSettings = {
				ALWAYS_EMBED_SWIFT_STANDARD_LIBRARIES = YES;
				BUNDLE_LOADER = "$(TEST_HOST)";
				CODE_SIGN_STYLE = Automatic;
				CURRENT_PROJECT_VERSION = 1;
				DEVELOPMENT_TEAM = AHZYNUTR8C;
				GENERATE_INFOPLIST_FILE = YES;
				IPHONEOS_DEPLOYMENT_TARGET = 15.5;
				MARKETING_VERSION = 1.0;
				PRODUCT_BUNDLE_IDENTIFIER = "com.hoangdesu.LeagueOfLegends-SkinshipTests";
				PRODUCT_NAME = "$(TARGET_NAME)";
				SWIFT_EMIT_LOC_STRINGS = NO;
				SWIFT_VERSION = 5.0;
				TARGETED_DEVICE_FAMILY = "1,2";
				TEST_HOST = "$(BUILT_PRODUCTS_DIR)/LeagueOfLegends-Skinship.app/LeagueOfLegends-Skinship";
			};
			name = Debug;
		};
		29E7824928B6E099003CB537 /* Release */ = {
			isa = XCBuildConfiguration;
			buildSettings = {
				ALWAYS_EMBED_SWIFT_STANDARD_LIBRARIES = YES;
				BUNDLE_LOADER = "$(TEST_HOST)";
				CODE_SIGN_STYLE = Automatic;
				CURRENT_PROJECT_VERSION = 1;
				DEVELOPMENT_TEAM = AHZYNUTR8C;
				GENERATE_INFOPLIST_FILE = YES;
				IPHONEOS_DEPLOYMENT_TARGET = 15.5;
				MARKETING_VERSION = 1.0;
				PRODUCT_BUNDLE_IDENTIFIER = "com.hoangdesu.LeagueOfLegends-SkinshipTests";
				PRODUCT_NAME = "$(TARGET_NAME)";
				SWIFT_EMIT_LOC_STRINGS = NO;
				SWIFT_VERSION = 5.0;
				TARGETED_DEVICE_FAMILY = "1,2";
				TEST_HOST = "$(BUILT_PRODUCTS_DIR)/LeagueOfLegends-Skinship.app/LeagueOfLegends-Skinship";
			};
			name = Release;
		};
		29E7824B28B6E099003CB537 /* Debug */ = {
			isa = XCBuildConfiguration;
			buildSettings = {
				ALWAYS_EMBED_SWIFT_STANDARD_LIBRARIES = YES;
				CODE_SIGN_STYLE = Automatic;
				CURRENT_PROJECT_VERSION = 1;
				DEVELOPMENT_TEAM = AHZYNUTR8C;
				GENERATE_INFOPLIST_FILE = YES;
				MARKETING_VERSION = 1.0;
				PRODUCT_BUNDLE_IDENTIFIER = "com.hoangdesu.LeagueOfLegends-SkinshipUITests";
				PRODUCT_NAME = "$(TARGET_NAME)";
				SWIFT_EMIT_LOC_STRINGS = NO;
				SWIFT_VERSION = 5.0;
				TARGETED_DEVICE_FAMILY = "1,2";
				TEST_TARGET_NAME = "LeagueOfLegends-Skinship";
			};
			name = Debug;
		};
		29E7824C28B6E099003CB537 /* Release */ = {
			isa = XCBuildConfiguration;
			buildSettings = {
				ALWAYS_EMBED_SWIFT_STANDARD_LIBRARIES = YES;
				CODE_SIGN_STYLE = Automatic;
				CURRENT_PROJECT_VERSION = 1;
				DEVELOPMENT_TEAM = AHZYNUTR8C;
				GENERATE_INFOPLIST_FILE = YES;
				MARKETING_VERSION = 1.0;
				PRODUCT_BUNDLE_IDENTIFIER = "com.hoangdesu.LeagueOfLegends-SkinshipUITests";
				PRODUCT_NAME = "$(TARGET_NAME)";
				SWIFT_EMIT_LOC_STRINGS = NO;
				SWIFT_VERSION = 5.0;
				TARGETED_DEVICE_FAMILY = "1,2";
				TEST_TARGET_NAME = "LeagueOfLegends-Skinship";
			};
			name = Release;
		};
/* End XCBuildConfiguration section */

/* Begin XCConfigurationList section */
		29E7821B28B6E096003CB537 /* Build configuration list for PBXProject "LeagueOfLegends-Skinship" */ = {
			isa = XCConfigurationList;
			buildConfigurations = (
				29E7824228B6E099003CB537 /* Debug */,
				29E7824328B6E099003CB537 /* Release */,
			);
			defaultConfigurationIsVisible = 0;
			defaultConfigurationName = Release;
		};
		29E7824428B6E099003CB537 /* Build configuration list for PBXNativeTarget "LeagueOfLegends-Skinship" */ = {
			isa = XCConfigurationList;
			buildConfigurations = (
				29E7824528B6E099003CB537 /* Debug */,
				29E7824628B6E099003CB537 /* Release */,
			);
			defaultConfigurationIsVisible = 0;
			defaultConfigurationName = Release;
		};
		29E7824728B6E099003CB537 /* Build configuration list for PBXNativeTarget "LeagueOfLegends-SkinshipTests" */ = {
			isa = XCConfigurationList;
			buildConfigurations = (
				29E7824828B6E099003CB537 /* Debug */,
				29E7824928B6E099003CB537 /* Release */,
			);
			defaultConfigurationIsVisible = 0;
			defaultConfigurationName = Release;
		};
		29E7824A28B6E099003CB537 /* Build configuration list for PBXNativeTarget "LeagueOfLegends-SkinshipUITests" */ = {
			isa = XCConfigurationList;
			buildConfigurations = (
				29E7824B28B6E099003CB537 /* Debug */,
				29E7824C28B6E099003CB537 /* Release */,
			);
			defaultConfigurationIsVisible = 0;
			defaultConfigurationName = Release;
		};
/* End XCConfigurationList section */
	};
	rootObject = 29E7821828B6E096003CB537 /* Project object */;
}
